
Microsoft Visual Studio Solution File, Format Version 12.00
# Visual Studio Version 17
VisualStudioVersion = 17.0.31903.59
MinimumVisualStudioVersion = 10.0.40219.1
Project("{FAE04EC0-301F-11D3-BF4B-00C04F79EFBC}") = "Pmx.Admin.Ui", "Pmx.Admin.Ui\Pmx.Admin.Ui.csproj", "{0745B915-34CC-4011-B39C-37F2DE5306E2}"
EndProject
Project("{FAE04EC0-301F-11D3-BF4B-00C04F79EFBC}") = "Pmx.Grpc.Client", "Pmx.Grpc.Client\Pmx.Grpc.Client.csproj", "{E9615718-8120-4803-B5D0-339FE2448872}"
EndProject
Project("{FAE04EC0-301F-11D3-BF4B-00C04F79EFBC}") = "Pmx.Tests", "Pmx.Tests\Pmx.Tests.csproj", "{132FEBE6-C969-4581-BEB7-9486B0CB1D28}"
EndProject
Global
	GlobalSection(SolutionConfigurationPlatforms) = preSolution
		Debug|Any CPU = Debug|Any CPU
		Release|Any CPU = Release|Any CPU
	EndGlobalSection
	GlobalSection(SolutionProperties) = preSolution
		HideSolutionNode = FALSE
	EndGlobalSection
	GlobalSection(ProjectConfigurationPlatforms) = postSolution
		{0745B915-34CC-4011-B39C-37F2DE5306E2}.Debug|Any CPU.ActiveCfg = Debug|Any CPU
		{0745B915-34CC-4011-B39C-37F2DE5306E2}.Debug|Any CPU.Build.0 = Debug|Any CPU
		{0745B915-34CC-4011-B39C-37F2DE5306E2}.Release|Any CPU.ActiveCfg = Release|Any CPU
		{0745B915-34CC-4011-B39C-37F2DE5306E2}.Release|Any CPU.Build.0 = Release|Any CPU
		{E9615718-8120-4803-B5D0-339FE2448872}.Debug|Any CPU.ActiveCfg = Debug|Any CPU
		{E9615718-8120-4803-B5D0-339FE2448872}.Debug|Any CPU.Build.0 = Debug|Any CPU
		{E9615718-8120-4803-B5D0-339FE2448872}.Release|Any CPU.ActiveCfg = Release|Any CPU
		{E9615718-8120-4803-B5D0-339FE2448872}.Release|Any CPU.Build.0 = Release|Any CPU
		{132FEBE6-C969-4581-BEB7-9486B0CB1D28}.Debug|Any CPU.ActiveCfg = Debug|Any CPU
		{132FEBE6-C969-4581-BEB7-9486B0CB1D28}.Debug|Any CPU.Build.0 = Debug|Any CPU
		{132FEBE6-C969-4581-BEB7-9486B0CB1D28}.Release|Any CPU.ActiveCfg = Release|Any CPU
		{132FEBE6-C969-4581-BEB7-9486B0CB1D28}.Release|Any CPU.Build.0 = Release|Any CPU
	EndGlobalSection
EndGlobal
